
Microsoft Visual Studio Solution File, Format Version 12.00
# Visual Studio 15
VisualStudioVersion = 15.0.27130.2010
MinimumVisualStudioVersion = 15.0.26124.0
Project("{9A19103F-16F7-4668-BE54-9A1E7A4F7556}") = "Consultant.Domain.Core", "src\Consultant.Domain.Core\Consultant.Domain.Core.csproj", "{62428EB8-50F7-405D-8FB4-9D654028A67C}"
EndProject
Project("{9A19103F-16F7-4668-BE54-9A1E7A4F7556}") = "Consultant.WebSPA", "src\Consultant.WebSPA\Consultant.WebSPA.csproj", "{52BB5CE9-E30D-42FD-AF9A-CB30AF6C5C83}"
EndProject
Project("{9A19103F-16F7-4668-BE54-9A1E7A4F7556}") = "Consultant.WebApi", "src\Consultant.WebApi\Consultant.WebApi.csproj", "{F243B0D2-FE55-4C13-A1AD-CA4BA34D91B2}"
EndProject
Project("{9A19103F-16F7-4668-BE54-9A1E7A4F7556}") = "Consultant.Domain", "src\Consultant.Domain\Consultant.Domain.csproj", "{E2994851-5077-41FA-8FB3-581DF91A303A}"
EndProject
Project("{2150E333-8FDC-42A3-9474-1A3956D46DE8}") = "1 - Presentation", "1 - Presentation", "{AD1B2DD7-C6ED-4300-9F08-7671D6B437AC}"
EndProject
Project("{2150E333-8FDC-42A3-9474-1A3956D46DE8}") = "2 - Services", "2 - Services", "{31E437EC-EF5F-4532-8D6F-C4F13F25EEC2}"
EndProject
Project("{2150E333-8FDC-42A3-9474-1A3956D46DE8}") = "3 - Aplication", "3 - Aplication", "{8D0DDF13-09D7-4444-B4F0-4CE1AF58F5C4}"
EndProject
Project("{2150E333-8FDC-42A3-9474-1A3956D46DE8}") = "4 - Domain", "4 - Domain", "{DDA5F89D-7C9E-4A58-8E78-A034BC0C0584}"
EndProject
Project("{2150E333-8FDC-42A3-9474-1A3956D46DE8}") = "5 - Infra", "5 - Infra", "{E1CBE4CF-0331-4B75-B826-4A88CE5E36C1}"
EndProject
Project("{2150E333-8FDC-42A3-9474-1A3956D46DE8}") = "5.1 - Data", "5.1 - Data", "{7F454FFA-EAE2-4F8A-BCCF-D0ECDD35BBCA}"
EndProject
Project("{2150E333-8FDC-42A3-9474-1A3956D46DE8}") = "5.2 - CrossCutting", "5.2 - CrossCutting", "{8FA5F630-5489-4A4D-90D8-5494B6769137}"
EndProject
Project("{FAE04EC0-301F-11D3-BF4B-00C04F79EFBC}") = "Consultant.Infra.Data", "src\Consultant.Infra.Data\Consultant.Infra.Data.csproj", "{1F72F2B6-4817-4742-B0B6-17855D9F54B1}"
EndProject
Global
	GlobalSection(SolutionConfigurationPlatforms) = preSolution
		Debug|Any CPU = Debug|Any CPU
		Debug|x64 = Debug|x64
		Debug|x86 = Debug|x86
		Release|Any CPU = Release|Any CPU
		Release|x64 = Release|x64
		Release|x86 = Release|x86
	EndGlobalSection
	GlobalSection(ProjectConfigurationPlatforms) = postSolution
		{62428EB8-50F7-405D-8FB4-9D654028A67C}.Debug|Any CPU.ActiveCfg = Debug|Any CPU
		{62428EB8-50F7-405D-8FB4-9D654028A67C}.Debug|Any CPU.Build.0 = Debug|Any CPU
		{62428EB8-50F7-405D-8FB4-9D654028A67C}.Debug|x64.ActiveCfg = Debug|Any CPU
		{62428EB8-50F7-405D-8FB4-9D654028A67C}.Debug|x64.Build.0 = Debug|Any CPU
		{62428EB8-50F7-405D-8FB4-9D654028A67C}.Debug|x86.ActiveCfg = Debug|Any CPU
		{62428EB8-50F7-405D-8FB4-9D654028A67C}.Debug|x86.Build.0 = Debug|Any CPU
		{62428EB8-50F7-405D-8FB4-9D654028A67C}.Release|Any CPU.ActiveCfg = Release|Any CPU
		{62428EB8-50F7-405D-8FB4-9D654028A67C}.Release|Any CPU.Build.0 = Release|Any CPU
		{62428EB8-50F7-405D-8FB4-9D654028A67C}.Release|x64.ActiveCfg = Release|Any CPU
		{62428EB8-50F7-405D-8FB4-9D654028A67C}.Release|x64.Build.0 = Release|Any CPU
		{62428EB8-50F7-405D-8FB4-9D654028A67C}.Release|x86.ActiveCfg = Release|Any CPU
		{62428EB8-50F7-405D-8FB4-9D654028A67C}.Release|x86.Build.0 = Release|Any CPU
		{52BB5CE9-E30D-42FD-AF9A-CB30AF6C5C83}.Debug|Any CPU.ActiveCfg = Debug|Any CPU
		{52BB5CE9-E30D-42FD-AF9A-CB30AF6C5C83}.Debug|Any CPU.Build.0 = Debug|Any CPU
		{52BB5CE9-E30D-42FD-AF9A-CB30AF6C5C83}.Debug|x64.ActiveCfg = Debug|Any CPU
		{52BB5CE9-E30D-42FD-AF9A-CB30AF6C5C83}.Debug|x64.Build.0 = Debug|Any CPU
		{52BB5CE9-E30D-42FD-AF9A-CB30AF6C5C83}.Debug|x86.ActiveCfg = Debug|Any CPU
		{52BB5CE9-E30D-42FD-AF9A-CB30AF6C5C83}.Debug|x86.Build.0 = Debug|Any CPU
		{52BB5CE9-E30D-42FD-AF9A-CB30AF6C5C83}.Release|Any CPU.ActiveCfg = Release|Any CPU
		{52BB5CE9-E30D-42FD-AF9A-CB30AF6C5C83}.Release|Any CPU.Build.0 = Release|Any CPU
		{52BB5CE9-E30D-42FD-AF9A-CB30AF6C5C83}.Release|x64.ActiveCfg = Release|Any CPU
		{52BB5CE9-E30D-42FD-AF9A-CB30AF6C5C83}.Release|x64.Build.0 = Release|Any CPU
		{52BB5CE9-E30D-42FD-AF9A-CB30AF6C5C83}.Release|x86.ActiveCfg = Release|Any CPU
		{52BB5CE9-E30D-42FD-AF9A-CB30AF6C5C83}.Release|x86.Build.0 = Release|Any CPU
		{F243B0D2-FE55-4C13-A1AD-CA4BA34D91B2}.Debug|Any CPU.ActiveCfg = Debug|Any CPU
		{F243B0D2-FE55-4C13-A1AD-CA4BA34D91B2}.Debug|Any CPU.Build.0 = Debug|Any CPU
		{F243B0D2-FE55-4C13-A1AD-CA4BA34D91B2}.Debug|x64.ActiveCfg = Debug|Any CPU
		{F243B0D2-FE55-4C13-A1AD-CA4BA34D91B2}.Debug|x64.Build.0 = Debug|Any CPU
		{F243B0D2-FE55-4C13-A1AD-CA4BA34D91B2}.Debug|x86.ActiveCfg = Debug|Any CPU
		{F243B0D2-FE55-4C13-A1AD-CA4BA34D91B2}.Debug|x86.Build.0 = Debug|Any CPU
		{F243B0D2-FE55-4C13-A1AD-CA4BA34D91B2}.Release|Any CPU.ActiveCfg = Release|Any CPU
		{F243B0D2-FE55-4C13-A1AD-CA4BA34D91B2}.Release|Any CPU.Build.0 = Release|Any CPU
		{F243B0D2-FE55-4C13-A1AD-CA4BA34D91B2}.Release|x64.ActiveCfg = Release|Any CPU
		{F243B0D2-FE55-4C13-A1AD-CA4BA34D91B2}.Release|x64.Build.0 = Release|Any CPU
		{F243B0D2-FE55-4C13-A1AD-CA4BA34D91B2}.Release|x86.ActiveCfg = Release|Any CPU
		{F243B0D2-FE55-4C13-A1AD-CA4BA34D91B2}.Release|x86.Build.0 = Release|Any CPU
		{E2994851-5077-41FA-8FB3-581DF91A303A}.Debug|Any CPU.ActiveCfg = Debug|Any CPU
		{E2994851-5077-41FA-8FB3-581DF91A303A}.Debug|Any CPU.Build.0 = Debug|Any CPU
		{E2994851-5077-41FA-8FB3-581DF91A303A}.Debug|x64.ActiveCfg = Debug|Any CPU
		{E2994851-5077-41FA-8FB3-581DF91A303A}.Debug|x64.Build.0 = Debug|Any CPU
		{E2994851-5077-41FA-8FB3-581DF91A303A}.Debug|x86.ActiveCfg = Debug|Any CPU
		{E2994851-5077-41FA-8FB3-581DF91A303A}.Debug|x86.Build.0 = Debug|Any CPU
		{E2994851-5077-41FA-8FB3-581DF91A303A}.Release|Any CPU.ActiveCfg = Release|Any CPU
		{E2994851-5077-41FA-8FB3-581DF91A303A}.Release|Any CPU.Build.0 = Release|Any CPU
		{E2994851-5077-41FA-8FB3-581DF91A303A}.Release|x64.ActiveCfg = Release|Any CPU
		{E2994851-5077-41FA-8FB3-581DF91A303A}.Release|x64.Build.0 = Release|Any CPU
		{E2994851-5077-41FA-8FB3-581DF91A303A}.Release|x86.ActiveCfg = Release|Any CPU
		{E2994851-5077-41FA-8FB3-581DF91A303A}.Release|x86.Build.0 = Release|Any CPU
		{1F72F2B6-4817-4742-B0B6-17855D9F54B1}.Debug|Any CPU.ActiveCfg = Debug|Any CPU
		{1F72F2B6-4817-4742-B0B6-17855D9F54B1}.Debug|Any CPU.Build.0 = Debug|Any CPU
		{1F72F2B6-4817-4742-B0B6-17855D9F54B1}.Debug|x64.ActiveCfg = Debug|Any CPU
		{1F72F2B6-4817-4742-B0B6-17855D9F54B1}.Debug|x64.Build.0 = Debug|Any CPU
		{1F72F2B6-4817-4742-B0B6-17855D9F54B1}.Debug|x86.ActiveCfg = Debug|Any CPU
		{1F72F2B6-4817-4742-B0B6-17855D9F54B1}.Debug|x86.Build.0 = Debug|Any CPU
		{1F72F2B6-4817-4742-B0B6-17855D9F54B1}.Release|Any CPU.ActiveCfg = Release|Any CPU
		{1F72F2B6-4817-4742-B0B6-17855D9F54B1}.Release|Any CPU.Build.0 = Release|Any CPU
		{1F72F2B6-4817-4742-B0B6-17855D9F54B1}.Release|x64.ActiveCfg = Release|Any CPU
		{1F72F2B6-4817-4742-B0B6-17855D9F54B1}.Release|x64.Build.0 = Release|Any CPU
		{1F72F2B6-4817-4742-B0B6-17855D9F54B1}.Release|x86.ActiveCfg = Release|Any CPU
		{1F72F2B6-4817-4742-B0B6-17855D9F54B1}.Release|x86.Build.0 = Release|Any CPU
	EndGlobalSection
	GlobalSection(SolutionProperties) = preSolution
		HideSolutionNode = FALSE
	EndGlobalSection
	GlobalSection(NestedProjects) = preSolution
		{62428EB8-50F7-405D-8FB4-9D654028A67C} = {DDA5F89D-7C9E-4A58-8E78-A034BC0C0584}
		{52BB5CE9-E30D-42FD-AF9A-CB30AF6C5C83} = {AD1B2DD7-C6ED-4300-9F08-7671D6B437AC}
		{F243B0D2-FE55-4C13-A1AD-CA4BA34D91B2} = {31E437EC-EF5F-4532-8D6F-C4F13F25EEC2}
		{E2994851-5077-41FA-8FB3-581DF91A303A} = {DDA5F89D-7C9E-4A58-8E78-A034BC0C0584}
		{7F454FFA-EAE2-4F8A-BCCF-D0ECDD35BBCA} = {E1CBE4CF-0331-4B75-B826-4A88CE5E36C1}
		{8FA5F630-5489-4A4D-90D8-5494B6769137} = {E1CBE4CF-0331-4B75-B826-4A88CE5E36C1}
		{1F72F2B6-4817-4742-B0B6-17855D9F54B1} = {7F454FFA-EAE2-4F8A-BCCF-D0ECDD35BBCA}
	EndGlobalSection
	GlobalSection(ExtensibilityGlobals) = postSolution
		SolutionGuid = {E804A729-A245-43F0-983B-CA0850C889E9}
	EndGlobalSection
EndGlobal
